// !$*UTF8*$!
{
	archiveVersion = 1;
	classes = {
	};
	objectVersion = 46;
	objects = {

/* Begin PBXBuildFile section */
		BF4D91BA19E6B458009AFBAA /* main.m in Sources */ = {isa = PBXBuildFile; fileRef = BF4D91B919E6B458009AFBAA /* main.m */; };
		BF4D91BD19E6B458009AFBAA /* AppDelegate.m in Sources */ = {isa = PBXBuildFile; fileRef = BF4D91BC19E6B458009AFBAA /* AppDelegate.m */; };
		BF4D91C519E6B458009AFBAA /* Images.xcassets in Resources */ = {isa = PBXBuildFile; fileRef = BF4D91C419E6B458009AFBAA /* Images.xcassets */; };
		BF4D91C819E6B458009AFBAA /* LaunchScreen.xib in Resources */ = {isa = PBXBuildFile; fileRef = BF4D91C619E6B458009AFBAA /* LaunchScreen.xib */; };
		BF4D91D419E6B458009AFBAA /* TabBarTests.m in Sources */ = {isa = PBXBuildFile; fileRef = BF4D91D319E6B458009AFBAA /* TabBarTests.m */; };
		BF4D91DF19E6B4A0009AFBAA /* FirstViewController.m in Sources */ = {isa = PBXBuildFile; fileRef = BF4D91DE19E6B4A0009AFBAA /* FirstViewController.m */; };
		BF4D91E219E6B4B4009AFBAA /* SecondViewController.m in Sources */ = {isa = PBXBuildFile; fileRef = BF4D91E119E6B4B4009AFBAA /* SecondViewController.m */; };
		BF4D91E519E6B916009AFBAA /* 1.png in Resources */ = {isa = PBXBuildFile; fileRef = BF4D91E319E6B916009AFBAA /* 1.png */; };
		BF4D91E619E6B916009AFBAA /* 2.png in Resources */ = {isa = PBXBuildFile; fileRef = BF4D91E419E6B916009AFBAA /* 2.png */; };
/* End PBXBuildFile section */

/* Begin PBXContainerItemProxy section */
		BF4D91CE19E6B458009AFBAA /* PBXContainerItemProxy */ = {
			isa = PBXContainerItemProxy;
			containerPortal = BF4D91AC19E6B457009AFBAA /* Project object */;
			proxyType = 1;
			remoteGlobalIDString = BF4D91B319E6B457009AFBAA;
			remoteInfo = TabBar;
		};
/* End PBXContainerItemProxy section */

/* Begin PBXFileReference section */
		BF4D91B419E6B457009AFBAA /* TabBar.app */ = {isa = PBXFileReference; explicitFileType = wrapper.application; includeInIndex = 0; path = TabBar.app; sourceTree = BUILT_PRODUCTS_DIR; };
		BF4D91B819E6B458009AFBAA /* Info.plist */ = {isa = PBXFileReference; lastKnownFileType = text.plist.xml; path = Info.plist; sourceTree = "<group>"; };
		BF4D91B919E6B458009AFBAA /* main.m */ = {isa = PBXFileReference; lastKnownFileType = sourcecode.c.objc; path = main.m; sourceTree = "<group>"; };
		BF4D91BB19E6B458009AFBAA /* AppDelegate.h */ = {isa = PBXFileReference; lastKnownFileType = sourcecode.c.h; path = AppDelegate.h; sourceTree = "<group>"; };
		BF4D91BC19E6B458009AFBAA /* AppDelegate.m */ = {isa = PBXFileReference; lastKnownFileType = sourcecode.c.objc; path = AppDelegate.m; sourceTree = "<group>"; };
		BF4D91C419E6B458009AFBAA /* Images.xcassets */ = {isa = PBXFileReference; lastKnownFileType = folder.assetcatalog; path = Images.xcassets; sourceTree = "<group>"; };
		BF4D91C719E6B458009AFBAA /* Base */ = {isa = PBXFileReference; lastKnownFileType = file.xib; name = Base; path = Base.lproj/LaunchScreen.xib; sourceTree = "<group>"; };
		BF4D91CD19E6B458009AFBAA /* TabBarTests.xctest */ = {isa = PBXFileReference; explicitFileType = wrapper.cfbundle; includeInIndex = 0; path = TabBarTests.xctest; sourceTree = BUILT_PRODUCTS_DIR; };
		BF4D91D219E6B458009AFBAA /* Info.plist */ = {isa = PBXFileReference; lastKnownFileType = text.plist.xml; path = Info.plist; sourceTree = "<group>"; };
		BF4D91D319E6B458009AFBAA /* TabBarTests.m */ = {isa = PBXFileReference; lastKnownFileType = sourcecode.c.objc; path = TabBarTests.m; sourceTree = "<group>"; };
		BF4D91DD19E6B4A0009AFBAA /* FirstViewController.h */ = {isa = PBXFileReference; fileEncoding = 4; lastKnownFileType = sourcecode.c.h; path = FirstViewController.h; sourceTree = "<group>"; };
		BF4D91DE19E6B4A0009AFBAA /* FirstViewController.m */ = {isa = PBXFileReference; fileEncoding = 4; lastKnownFileType = sourcecode.c.objc; path = FirstViewController.m; sourceTree = "<group>"; };
		BF4D91E019E6B4B4009AFBAA /* SecondViewController.h */ = {isa = PBXFileReference; fileEncoding = 4; lastKnownFileType = sourcecode.c.h; path = SecondViewController.h; sourceTree = "<group>"; };
		BF4D91E119E6B4B4009AFBAA /* SecondViewController.m */ = {isa = PBXFileReference; fileEncoding = 4; lastKnownFileType = sourcecode.c.objc; path = SecondViewController.m; sourceTree = "<group>"; };
		BF4D91E319E6B916009AFBAA /* 1.png */ = {isa = PBXFileReference; lastKnownFileType = image.png; path = 1.png; sourceTree = "<group>"; };
		BF4D91E419E6B916009AFBAA /* 2.png */ = {isa = PBXFileReference; lastKnownFileType = image.png; path = 2.png; sourceTree = "<group>"; };
/* End PBXFileReference section */

/* Begin PBXFrameworksBuildPhase section */
		BF4D91B119E6B457009AFBAA /* Frameworks */ = {
			isa = PBXFrameworksBuildPhase;
			buildActionMask = 2147483647;
			files = (
			);
			runOnlyForDeploymentPostprocessing = 0;
		};
		BF4D91CA19E6B458009AFBAA /* Frameworks */ = {
			isa = PBXFrameworksBuildPhase;
			buildActionMask = 2147483647;
			files = (
			);
			runOnlyForDeploymentPostprocessing = 0;
		};
/* End PBXFrameworksBuildPhase section */

/* Begin PBXGroup section */
		BF4D91AB19E6B457009AFBAA = {
			isa = PBXGroup;
			children = (
				BF4D91B619E6B457009AFBAA /* TabBar */,
				BF4D91D019E6B458009AFBAA /* TabBarTests */,
				BF4D91B519E6B457009AFBAA /* Products */,
			);
			sourceTree = "<group>";
		};
		BF4D91B519E6B457009AFBAA /* Products */ = {
			isa = PBXGroup;
			children = (
				BF4D91B419E6B457009AFBAA /* TabBar.app */,
				BF4D91CD19E6B458009AFBAA /* TabBarTests.xctest */,
			);
			name = Products;
			sourceTree = "<group>";
		};
		BF4D91B619E6B457009AFBAA /* TabBar */ = {
			isa = PBXGroup;
			children = (
				BF4D91E319E6B916009AFBAA /* 1.png */,
				BF4D91E419E6B916009AFBAA /* 2.png */,
				BF4D91BB19E6B458009AFBAA /* AppDelegate.h */,
				BF4D91BC19E6B458009AFBAA /* AppDelegate.m */,
				BF4D91DD19E6B4A0009AFBAA /* FirstViewController.h */,
				BF4D91DE19E6B4A0009AFBAA /* FirstViewController.m */,
				BF4D91E019E6B4B4009AFBAA /* SecondViewController.h */,
				BF4D91E119E6B4B4009AFBAA /* SecondViewController.m */,
				BF4D91C419E6B458009AFBAA /* Images.xcassets */,
				BF4D91C619E6B458009AFBAA /* LaunchScreen.xib */,
				BF4D91B719E6B458009AFBAA /* Supporting Files */,
			);
			path = TabBar;
			sourceTree = "<group>";
		};
		BF4D91B719E6B458009AFBAA /* Supporting Files */ = {
			isa = PBXGroup;
			children = (
				BF4D91B819E6B458009AFBAA /* Info.plist */,
				BF4D91B919E6B458009AFBAA /* main.m */,
			);
			name = "Supporting Files";
			sourceTree = "<group>";
		};
		BF4D91D019E6B458009AFBAA /* TabBarTests */ = {
			isa = PBXGroup;
			children = (
				BF4D91D319E6B458009AFBAA /* TabBarTests.m */,
				BF4D91D119E6B458009AFBAA /* Supporting Files */,
			);
			path = TabBarTests;
			sourceTree = "<group>";
		};
		BF4D91D119E6B458009AFBAA /* Supporting Files */ = {
			isa = PBXGroup;
			children = (
				BF4D91D219E6B458009AFBAA /* Info.plist */,
			);
			name = "Supporting Files";
			sourceTree = "<group>";
		};
/* End PBXGroup section */

/* Begin PBXNativeTarget section */
		BF4D91B319E6B457009AFBAA /* TabBar */ = {
			isa = PBXNativeTarget;
			buildConfigurationList = BF4D91D719E6B458009AFBAA /* Build configuration list for PBXNativeTarget "TabBar" */;
			buildPhases = (
				BF4D91B019E6B457009AFBAA /* Sources */,
				BF4D91B119E6B457009AFBAA /* Frameworks */,
				BF4D91B219E6B457009AFBAA /* Resources */,
			);
			buildRules = (
			);
			dependencies = (
			);
			name = TabBar;
			productName = TabBar;
			productReference = BF4D91B419E6B457009AFBAA /* TabBar.app */;
			productType = "com.apple.product-type.application";
		};
		BF4D91CC19E6B458009AFBAA /* TabBarTests */ = {
			isa = PBXNativeTarget;
			buildConfigurationList = BF4D91DA19E6B458009AFBAA /* Build configuration list for PBXNativeTarget "TabBarTests" */;
			buildPhases = (
				BF4D91C919E6B458009AFBAA /* Sources */,
				BF4D91CA19E6B458009AFBAA /* Frameworks */,
				BF4D91CB19E6B458009AFBAA /* Resources */,
			);
			buildRules = (
			);
			dependencies = (
				BF4D91CF19E6B458009AFBAA /* PBXTargetDependency */,
			);
			name = TabBarTests;
			productName = TabBarTests;
			productReference = BF4D91CD19E6B458009AFBAA /* TabBarTests.xctest */;
			productType = "com.apple.product-type.bundle.unit-test";
		};
/* End PBXNativeTarget section */

/* Begin PBXProject section */
		BF4D91AC19E6B457009AFBAA /* Project object */ = {
			isa = PBXProject;
			attributes = {
				LastUpgradeCheck = 0600;
				ORGANIZATIONNAME = jianleer;
				TargetAttributes = {
					BF4D91B319E6B457009AFBAA = {
						CreatedOnToolsVersion = 6.0.1;
					};
					BF4D91CC19E6B458009AFBAA = {
						CreatedOnToolsVersion = 6.0.1;
						TestTargetID = BF4D91B319E6B457009AFBAA;
					};
				};
			};
			buildConfigurationList = BF4D91AF19E6B457009AFBAA /* Build configuration list for PBXProject "TabBar" */;
			compatibilityVersion = "Xcode 3.2";
			developmentRegion = English;
			hasScannedForEncodings = 0;
			knownRegions = (
				en,
				Base,
			);
			mainGroup = BF4D91AB19E6B457009AFBAA;
			productRefGroup = BF4D91B519E6B457009AFBAA /* Products */;
			projectDirPath = "";
			projectRoot = "";
			targets = (
				BF4D91B319E6B457009AFBAA /* TabBar */,
				BF4D91CC19E6B458009AFBAA /* TabBarTests */,
			);
		};
/* End PBXProject section */

/* Begin PBXResourcesBuildPhase section */
		BF4D91B219E6B457009AFBAA /* Resources */ = {
			isa = PBXResourcesBuildPhase;
			buildActionMask = 2147483647;
			files = (
				BF4D91E519E6B916009AFBAA /* 1.png in Resources */,
				BF4D91C819E6B458009AFBAA /* LaunchScreen.xib in Resources */,
				BF4D91E619E6B916009AFBAA /* 2.png in Resources */,
				BF4D91C519E6B458009AFBAA /* Images.xcassets in Resources */,
			);
			runOnlyForDeploymentPostprocessing = 0;
		};
		BF4D91CB19E6B458009AFBAA /* Resources */ = {
			isa = PBXResourcesBuildPhase;
			buildActionMask = 2147483647;
			files = (
			);
			runOnlyForDeploymentPostprocessing = 0;
		};
/* End PBXResourcesBuildPhase section */

/* Begin PBXSourcesBuildPhase section */
		BF4D91B019E6B457009AFBAA /* Sources */ = {
			isa = PBXSourcesBuildPhase;
			buildActionMask = 2147483647;
			files = (
				BF4D91E219E6B4B4009AFBAA /* SecondViewController.m in Sources */,
				BF4D91BD19E6B458009AFBAA /* AppDelegate.m in Sources */,
				BF4D91DF19E6B4A0009AFBAA /* FirstViewController.m in Sources */,
				BF4D91BA19E6B458009AFBAA /* main.m in Sources */,
			);
			runOnlyForDeploymentPostprocessing = 0;
		};
		BF4D91C919E6B458009AFBAA /* Sources */ = {
			isa = PBXSourcesBuildPhase;
			buildActionMask = 2147483647;
			files = (
				BF4D91D419E6B458009AFBAA /* TabBarTests.m in Sources */,
			);
			runOnlyForDeploymentPostprocessing = 0;
		};
/* End PBXSourcesBuildPhase section */

/* Begin PBXTargetDependency section */
		BF4D91CF19E6B458009AFBAA /* PBXTargetDependency */ = {
			isa = PBXTargetDependency;
			target = BF4D91B319E6B457009AFBAA /* TabBar */;
			targetProxy = BF4D91CE19E6B458009AFBAA /* PBXContainerItemProxy */;
		};
/* End PBXTargetDependency section */

/* Begin PBXVariantGroup section */
		BF4D91C619E6B458009AFBAA /* LaunchScreen.xib */ = {
			isa = PBXVariantGroup;
			children = (
				BF4D91C719E6B458009AFBAA /* Base */,
			);
			name = LaunchScreen.xib;
			sourceTree = "<group>";
		};
/* End PBXVariantGroup section */

/* Begin XCBuildConfiguration section */
		BF4D91D519E6B458009AFBAA /* Debug */ = {
			isa = XCBuildConfiguration;
			buildSettings = {
				ALWAYS_SEARCH_USER_PATHS = NO;
				CLANG_CXX_LANGUAGE_STANDARD = "gnu++0x";
				CLANG_CXX_LIBRARY = "libc++";
				CLANG_ENABLE_MODULES = YES;
				CLANG_ENABLE_OBJC_ARC = YES;
				CLANG_WARN_BOOL_CONVERSION = YES;
				CLANG_WARN_CONSTANT_CONVERSION = YES;
				CLANG_WARN_DIRECT_OBJC_ISA_USAGE = YES_ERROR;
				CLANG_WARN_EMPTY_BODY = YES;
				CLANG_WARN_ENUM_CONVERSION = YES;
				CLANG_WARN_INT_CONVERSION = YES;
				CLANG_WARN_OBJC_ROOT_CLASS = YES_ERROR;
				CLANG_WARN_UNREACHABLE_CODE = YES;
				CLANG_WARN__DUPLICATE_METHOD_MATCH = YES;
				"CODE_SIGN_IDENTITY[sdk=iphoneos*]" = "iPhone Developer";
				COPY_PHASE_STRIP = NO;
				ENABLE_STRICT_OBJC_MSGSEND = YES;
				GCC_C_LANGUAGE_STANDARD = gnu99;
				GCC_DYNAMIC_NO_PIC = NO;
				GCC_OPTIMIZATION_LEVEL = 0;
				GCC_PREPROCESSOR_DEFINITIONS = (
					"DEBUG=1",
					"$(inherited)",
				);
				GCC_SYMBOLS_PRIVATE_EXTERN = NO;
				GCC_WARN_64_TO_32_BIT_CONVERSION = YES;
				GCC_WARN_ABOUT_RETURN_TYPE = YES_ERROR;
				GCC_WARN_UNDECLARED_SELECTOR = YES;
				GCC_WARN_UNINITIALIZED_AUTOS = YES_AGGRESSIVE;
				GCC_WARN_UNUSED_FUNCTION = YES;
				GCC_WARN_UNUSED_VARIABLE = YES;
				IPHONEOS_DEPLOYMENT_TARGET = 8.0;
				MTL_ENABLE_DEBUG_INFO = YES;
				ONLY_ACTIVE_ARCH = YES;
				SDKROOT = iphoneos;
			};
			name = Debug;
		};
		BF4D91D619E6B458009AFBAA /* Release */ = {
			isa = XCBuildConfiguration;
			buildSettings = {
				ALWAYS_SEARCH_USER_PATHS = NO;
				CLANG_CXX_LANGUAGE_STANDARD = "gnu++0x";
				CLANG_CXX_LIBRARY = "libc++";
				CLANG_ENABLE_MODULES = YES;
				CLANG_ENABLE_OBJC_ARC = YES;
				CLANG_WARN_BOOL_CONVERSION = YES;
				CLANG_WARN_CONSTANT_CONVERSION = YES;
				CLANG_WARN_DIRECT_OBJC_ISA_USAGE = YES_ERROR;
				CLANG_WARN_EMPTY_BODY = YES;
				CLANG_WARN_ENUM_CONVERSION = YES;
				CLANG_WARN_INT_CONVERSION = YES;
				CLANG_WARN_OBJC_ROOT_CLASS = YES_ERROR;
				CLANG_WARN_UNREACHABLE_CODE = YES;
				CLANG_WARN__DUPLICATE_METHOD_MATCH = YES;
				"CODE_SIGN_IDENTITY[sdk=iphoneos*]" = "iPhone Developer";
				COPY_PHASE_STRIP = YES;
				ENABLE_NS_ASSERTIONS = NO;
				ENABLE_STRICT_OBJC_MSGSEND = YES;
				GCC_C_LANGUAGE_STANDARD = gnu99;
				GCC_WARN_64_TO_32_BIT_CONVERSION = YES;
				GCC_WARN_ABOUT_RETURN_TYPE = YES_ERROR;
				GCC_WARN_UNDECLARED_SELECTOR = YES;
				GCC_WARN_UNINITIALIZED_AUTOS = YES_AGGRESSIVE;
				GCC_WARN_UNUSED_FUNCTION = YES;
				GCC_WARN_UNUSED_VARIABLE = YES;
				IPHONEOS_DEPLOYMENT_TARGET = 8.0;
				MTL_ENABLE_DEBUG_INFO = NO;
				SDKROOT = iphoneos;
				VALIDATE_PRODUCT = YES;
			};
			name = Release;
		};
		BF4D91D819E6B458009AFBAA /* Debug */ = {
			isa = XCBuildConfiguration;
			buildSettings = {
				ASSETCATALOG_COMPILER_APPICON_NAME = AppIcon;
				CLANG_ENABLE_OBJC_ARC = NO;
				INFOPLIST_FILE = TabBar/Info.plist;
				LD_RUNPATH_SEARCH_PATHS = "$(inherited) @executable_path/Frameworks";
				PRODUCT_NAME = "$(TARGET_NAME)";
			};
			name = Debug;
		};
		BF4D91D919E6B458009AFBAA /* Release */ = {
			isa = XCBuildConfiguration;
			buildSettings = {
				ASSETCATALOG_COMPILER_APPICON_NAME = AppIcon;
				CLANG_ENABLE_OBJC_ARC = NO;
				INFOPLIST_FILE = TabBar/Info.plist;
				LD_RUNPATH_SEARCH_PATHS = "$(inherited) @executable_path/Frameworks";
				PRODUCT_NAME = "$(TARGET_NAME)";
			};
			name = Release;
		};
		BF4D91DB19E6B458009AFBAA /* Debug */ = {
			isa = XCBuildConfiguration;
			buildSettings = {
				BUNDLE_LOADER = "$(TEST_HOST)";
				FRAMEWORK_SEARCH_PATHS = (
					"$(SDKROOT)/Developer/Library/Frameworks",
					"$(inherited)",
				);
				GCC_PREPROCESSOR_DEFINITIONS = (
					"DEBUG=1",
					"$(inherited)",
				);
				INFOPLIST_FILE = TabBarTests/Info.plist;
				LD_RUNPATH_SEARCH_PATHS = "$(inherited) @executable_path/Frameworks @loader_path/Frameworks";
				PRODUCT_NAME = "$(TARGET_NAME)";
				TEST_HOST = "$(BUILT_PRODUCTS_DIR)/TabBar.app/TabBar";
			};
			name = Debug;
		};
		BF4D91DC19E6B458009AFBAA /* Release */ = {
			isa = XCBuildConfiguration;
			buildSettings = {
				BUNDLE_LOADER = "$(TEST_HOST)";
				FRAMEWORK_SEARCH_PATHS = (
					"$(SDKROOT)/Developer/Library/Frameworks",
					"$(inherited)",
				);
				INFOPLIST_FILE = TabBarTests/Info.plist;
				LD_RUNPATH_SEARCH_PATHS = "$(inherited) @executable_path/Frameworks @loader_path/Frameworks";
				PRODUCT_NAME = "$(TARGET_NAME)";
				TEST_HOST = "$(BUILT_PRODUCTS_DIR)/TabBar.app/TabBar";
			};
			name = Release;
		};
/* End XCBuildConfiguration section */

/* Begin XCConfigurationList section */
		BF4D91AF19E6B457009AFBAA /* Build configuration list for PBXProject "TabBar" */ = {
			isa = XCConfigurationList;
			buildConfigurations = (
				BF4D91D519E6B458009AFBAA /* Debug */,
				BF4D91D619E6B458009AFBAA /* Release */,
			);
			defaultConfigurationIsVisible = 0;
			defaultConfigurationName = Release;
		};
		BF4D91D719E6B458009AFBAA /* Build configuration list for PBXNativeTarget "TabBar" */ = {
			isa = XCConfigurationList;
			buildConfigurations = (
				BF4D91D819E6B458009AFBAA /* Debug */,
				BF4D91D919E6B458009AFBAA /* Release */,
			);
			defaultConfigurationIsVisible = 0;
		};
		BF4D91DA19E6B458009AFBAA /* Build configuration list for PBXNativeTarget "TabBarTests" */ = {
			isa = XCConfigurationList;
			buildConfigurations = (
				BF4D91DB19E6B458009AFBAA /* Debug */,
				BF4D91DC19E6B458009AFBAA /* Release */,
			);
			defaultConfigurationIsVisible = 0;
		};
/* End XCConfigurationList section */
	};
	rootObject = BF4D91AC19E6B457009AFBAA /* Project object */;
}
